// !$*UTF8*$!
{
	archiveVersion = 1;
	classes = {
	};
	objectVersion = 50;
	objects = {

/* Begin PBXBuildFile section */
		CE03C12B262E513300C73D4A /* AppDelegate.swift in Sources */ = {isa = PBXBuildFile; fileRef = CE03C12A262E513300C73D4A /* AppDelegate.swift */; };
		CE03C12D262E513300C73D4A /* SceneDelegate.swift in Sources */ = {isa = PBXBuildFile; fileRef = CE03C12C262E513300C73D4A /* SceneDelegate.swift */; };
		CE03C12F262E513300C73D4A /* ViewController.swift in Sources */ = {isa = PBXBuildFile; fileRef = CE03C12E262E513300C73D4A /* ViewController.swift */; };
		CE03C132262E513300C73D4A /* Main.storyboard in Resources */ = {isa = PBXBuildFile; fileRef = CE03C130262E513300C73D4A /* Main.storyboard */; };
		CE03C135262E513300C73D4A /* Temporizador.xcdatamodeld in Sources */ = {isa = PBXBuildFile; fileRef = CE03C133262E513300C73D4A /* Temporizador.xcdatamodeld */; };
		CE03C137262E513400C73D4A /* Assets.xcassets in Resources */ = {isa = PBXBuildFile; fileRef = CE03C136262E513400C73D4A /* Assets.xcassets */; };
		CE03C13A262E513400C73D4A /* LaunchScreen.storyboard in Resources */ = {isa = PBXBuildFile; fileRef = CE03C138262E513400C73D4A /* LaunchScreen.storyboard */; };
		CE03C145262E513400C73D4A /* TemporizadorTests.swift in Sources */ = {isa = PBXBuildFile; fileRef = CE03C144262E513400C73D4A /* TemporizadorTests.swift */; };
		CE03C150262E513400C73D4A /* TemporizadorUITests.swift in Sources */ = {isa = PBXBuildFile; fileRef = CE03C14F262E513400C73D4A /* TemporizadorUITests.swift */; };
/* End PBXBuildFile section */

/* Begin PBXContainerItemProxy section */
		CE03C141262E513400C73D4A /* PBXContainerItemProxy */ = {
			isa = PBXContainerItemProxy;
			containerPortal = CE03C11F262E513300C73D4A /* Project object */;
			proxyType = 1;
			remoteGlobalIDString = CE03C126262E513300C73D4A;
			remoteInfo = Temporizador;
		};
		CE03C14C262E513400C73D4A /* PBXContainerItemProxy */ = {
			isa = PBXContainerItemProxy;
			containerPortal = CE03C11F262E513300C73D4A /* Project object */;
			proxyType = 1;
			remoteGlobalIDString = CE03C126262E513300C73D4A;
			remoteInfo = Temporizador;
		};
/* End PBXContainerItemProxy section */

/* Begin PBXFileReference section */
		CE03C127262E513300C73D4A /* Temporizador.app */ = {isa = PBXFileReference; explicitFileType = wrapper.application; includeInIndex = 0; path = Temporizador.app; sourceTree = BUILT_PRODUCTS_DIR; };
		CE03C12A262E513300C73D4A /* AppDelegate.swift */ = {isa = PBXFileReference; lastKnownFileType = sourcecode.swift; path = AppDelegate.swift; sourceTree = "<group>"; };
		CE03C12C262E513300C73D4A /* SceneDelegate.swift */ = {isa = PBXFileReference; lastKnownFileType = sourcecode.swift; path = SceneDelegate.swift; sourceTree = "<group>"; };
		CE03C12E262E513300C73D4A /* ViewController.swift */ = {isa = PBXFileReference; lastKnownFileType = sourcecode.swift; path = ViewController.swift; sourceTree = "<group>"; };
		CE03C131262E513300C73D4A /* Base */ = {isa = PBXFileReference; lastKnownFileType = file.storyboard; name = Base; path = Base.lproj/Main.storyboard; sourceTree = "<group>"; };
		CE03C134262E513300C73D4A /* Temporizador.xcdatamodel */ = {isa = PBXFileReference; lastKnownFileType = wrapper.xcdatamodel; path = Temporizador.xcdatamodel; sourceTree = "<group>"; };
		CE03C136262E513400C73D4A /* Assets.xcassets */ = {isa = PBXFileReference; lastKnownFileType = folder.assetcatalog; path = Assets.xcassets; sourceTree = "<group>"; };
		CE03C139262E513400C73D4A /* Base */ = {isa = PBXFileReference; lastKnownFileType = file.storyboard; name = Base; path = Base.lproj/LaunchScreen.storyboard; sourceTree = "<group>"; };
		CE03C13B262E513400C73D4A /* Info.plist */ = {isa = PBXFileReference; lastKnownFileType = text.plist.xml; path = Info.plist; sourceTree = "<group>"; };
		CE03C140262E513400C73D4A /* TemporizadorTests.xctest */ = {isa = PBXFileReference; explicitFileType = wrapper.cfbundle; includeInIndex = 0; path = TemporizadorTests.xctest; sourceTree = BUILT_PRODUCTS_DIR; };
		CE03C144262E513400C73D4A /* TemporizadorTests.swift */ = {isa = PBXFileReference; lastKnownFileType = sourcecode.swift; path = TemporizadorTests.swift; sourceTree = "<group>"; };
		CE03C146262E513400C73D4A /* Info.plist */ = {isa = PBXFileReference; lastKnownFileType = text.plist.xml; path = Info.plist; sourceTree = "<group>"; };
		CE03C14B262E513400C73D4A /* TemporizadorUITests.xctest */ = {isa = PBXFileReference; explicitFileType = wrapper.cfbundle; includeInIndex = 0; path = TemporizadorUITests.xctest; sourceTree = BUILT_PRODUCTS_DIR; };
		CE03C14F262E513400C73D4A /* TemporizadorUITests.swift */ = {isa = PBXFileReference; lastKnownFileType = sourcecode.swift; path = TemporizadorUITests.swift; sourceTree = "<group>"; };
		CE03C151262E513400C73D4A /* Info.plist */ = {isa = PBXFileReference; lastKnownFileType = text.plist.xml; path = Info.plist; sourceTree = "<group>"; };
/* End PBXFileReference section */

/* Begin PBXFrameworksBuildPhase section */
		CE03C124262E513300C73D4A /* Frameworks */ = {
			isa = PBXFrameworksBuildPhase;
			buildActionMask = 2147483647;
			files = (
			);
			runOnlyForDeploymentPostprocessing = 0;
		};
		CE03C13D262E513400C73D4A /* Frameworks */ = {
			isa = PBXFrameworksBuildPhase;
			buildActionMask = 2147483647;
			files = (
			);
			runOnlyForDeploymentPostprocessing = 0;
		};
		CE03C148262E513400C73D4A /* Frameworks */ = {
			isa = PBXFrameworksBuildPhase;
			buildActionMask = 2147483647;
			files = (
			);
			runOnlyForDeploymentPostprocessing = 0;
		};
/* End PBXFrameworksBuildPhase section */

/* Begin PBXGroup section */
		CE03C11E262E513300C73D4A = {
			isa = PBXGroup;
			children = (
				CE03C129262E513300C73D4A /* Temporizador */,
				CE03C143262E513400C73D4A /* TemporizadorTests */,
				CE03C14E262E513400C73D4A /* TemporizadorUITests */,
				CE03C128262E513300C73D4A /* Products */,
			);
			sourceTree = "<group>";
		};
		CE03C128262E513300C73D4A /* Products */ = {
			isa = PBXGroup;
			children = (
				CE03C127262E513300C73D4A /* Temporizador.app */,
				CE03C140262E513400C73D4A /* TemporizadorTests.xctest */,
				CE03C14B262E513400C73D4A /* TemporizadorUITests.xctest */,
			);
			name = Products;
			sourceTree = "<group>";
		};
		CE03C129262E513300C73D4A /* Temporizador */ = {
			isa = PBXGroup;
			children = (
				CE03C12A262E513300C73D4A /* AppDelegate.swift */,
				CE03C12C262E513300C73D4A /* SceneDelegate.swift */,
				CE03C12E262E513300C73D4A /* ViewController.swift */,
				CE03C130262E513300C73D4A /* Main.storyboard */,
				CE03C136262E513400C73D4A /* Assets.xcassets */,
				CE03C138262E513400C73D4A /* LaunchScreen.storyboard */,
				CE03C13B262E513400C73D4A /* Info.plist */,
				CE03C133262E513300C73D4A /* Temporizador.xcdatamodeld */,
			);
			path = Temporizador;
			sourceTree = "<group>";
		};
		CE03C143262E513400C73D4A /* TemporizadorTests */ = {
			isa = PBXGroup;
			children = (
				CE03C144262E513400C73D4A /* TemporizadorTests.swift */,
				CE03C146262E513400C73D4A /* Info.plist */,
			);
			path = TemporizadorTests;
			sourceTree = "<group>";
		};
		CE03C14E262E513400C73D4A /* TemporizadorUITests */ = {
			isa = PBXGroup;
			children = (
				CE03C14F262E513400C73D4A /* TemporizadorUITests.swift */,
				CE03C151262E513400C73D4A /* Info.plist */,
			);
			path = TemporizadorUITests;
			sourceTree = "<group>";
		};
/* End PBXGroup section */

/* Begin PBXNativeTarget section */
		CE03C126262E513300C73D4A /* Temporizador */ = {
			isa = PBXNativeTarget;
			buildConfigurationList = CE03C154262E513400C73D4A /* Build configuration list for PBXNativeTarget "Temporizador" */;
			buildPhases = (
				CE03C123262E513300C73D4A /* Sources */,
				CE03C124262E513300C73D4A /* Frameworks */,
				CE03C125262E513300C73D4A /* Resources */,
			);
			buildRules = (
			);
			dependencies = (
			);
			name = Temporizador;
			productName = Temporizador;
			productReference = CE03C127262E513300C73D4A /* Temporizador.app */;
			productType = "com.apple.product-type.application";
		};
		CE03C13F262E513400C73D4A /* TemporizadorTests */ = {
			isa = PBXNativeTarget;
			buildConfigurationList = CE03C157262E513400C73D4A /* Build configuration list for PBXNativeTarget "TemporizadorTests" */;
			buildPhases = (
				CE03C13C262E513400C73D4A /* Sources */,
				CE03C13D262E513400C73D4A /* Frameworks */,
				CE03C13E262E513400C73D4A /* Resources */,
			);
			buildRules = (
			);
			dependencies = (
				CE03C142262E513400C73D4A /* PBXTargetDependency */,
			);
			name = TemporizadorTests;
			productName = TemporizadorTests;
			productReference = CE03C140262E513400C73D4A /* TemporizadorTests.xctest */;
			productType = "com.apple.product-type.bundle.unit-test";
		};
		CE03C14A262E513400C73D4A /* TemporizadorUITests */ = {
			isa = PBXNativeTarget;
			buildConfigurationList = CE03C15A262E513400C73D4A /* Build configuration list for PBXNativeTarget "TemporizadorUITests" */;
			buildPhases = (
				CE03C147262E513400C73D4A /* Sources */,
				CE03C148262E513400C73D4A /* Frameworks */,
				CE03C149262E513400C73D4A /* Resources */,
			);
			buildRules = (
			);
			dependencies = (
				CE03C14D262E513400C73D4A /* PBXTargetDependency */,
			);
			name = TemporizadorUITests;
			productName = TemporizadorUITests;
			productReference = CE03C14B262E513400C73D4A /* TemporizadorUITests.xctest */;
			productType = "com.apple.product-type.bundle.ui-testing";
		};
/* End PBXNativeTarget section */

/* Begin PBXProject section */
		CE03C11F262E513300C73D4A /* Project object */ = {
			isa = PBXProject;
			attributes = {
				LastSwiftUpdateCheck = 1240;
				LastUpgradeCheck = 1240;
				TargetAttributes = {
					CE03C126262E513300C73D4A = {
						CreatedOnToolsVersion = 12.4;
					};
					CE03C13F262E513400C73D4A = {
						CreatedOnToolsVersion = 12.4;
						TestTargetID = CE03C126262E513300C73D4A;
					};
					CE03C14A262E513400C73D4A = {
						CreatedOnToolsVersion = 12.4;
						TestTargetID = CE03C126262E513300C73D4A;
					};
				};
			};
			buildConfigurationList = CE03C122262E513300C73D4A /* Build configuration list for PBXProject "Temporizador" */;
			compatibilityVersion = "Xcode 9.3";
			developmentRegion = en;
			hasScannedForEncodings = 0;
			knownRegions = (
				en,
				Base,
			);
			mainGroup = CE03C11E262E513300C73D4A;
			productRefGroup = CE03C128262E513300C73D4A /* Products */;
			projectDirPath = "";
			projectRoot = "";
			targets = (
				CE03C126262E513300C73D4A /* Temporizador */,
				CE03C13F262E513400C73D4A /* TemporizadorTests */,
				CE03C14A262E513400C73D4A /* TemporizadorUITests */,
			);
		};
/* End PBXProject section */

/* Begin PBXResourcesBuildPhase section */
		CE03C125262E513300C73D4A /* Resources */ = {
			isa = PBXResourcesBuildPhase;
			buildActionMask = 2147483647;
			files = (
				CE03C13A262E513400C73D4A /* LaunchScreen.storyboard in Resources */,
				CE03C137262E513400C73D4A /* Assets.xcassets in Resources */,
				CE03C132262E513300C73D4A /* Main.storyboard in Resources */,
			);
			runOnlyForDeploymentPostprocessing = 0;
		};
		CE03C13E262E513400C73D4A /* Resources */ = {
			isa = PBXResourcesBuildPhase;
			buildActionMask = 2147483647;
			files = (
			);
			runOnlyForDeploymentPostprocessing = 0;
		};
		CE03C149262E513400C73D4A /* Resources */ = {
			isa = PBXResourcesBuildPhase;
			buildActionMask = 2147483647;
			files = (
			);
			runOnlyForDeploymentPostprocessing = 0;
		};
/* End PBXResourcesBuildPhase section */

/* Begin PBXSourcesBuildPhase section */
		CE03C123262E513300C73D4A /* Sources */ = {
			isa = PBXSourcesBuildPhase;
			buildActionMask = 2147483647;
			files = (
				CE03C12F262E513300C73D4A /* ViewController.swift in Sources */,
				CE03C135262E513300C73D4A /* Temporizador.xcdatamodeld in Sources */,
				CE03C12B262E513300C73D4A /* AppDelegate.swift in Sources */,
				CE03C12D262E513300C73D4A /* SceneDelegate.swift in Sources */,
			);
			runOnlyForDeploymentPostprocessing = 0;
		};
		CE03C13C262E513400C73D4A /* Sources */ = {
			isa = PBXSourcesBuildPhase;
			buildActionMask = 2147483647;
			files = (
				CE03C145262E513400C73D4A /* TemporizadorTests.swift in Sources */,
			);
			runOnlyForDeploymentPostprocessing = 0;
		};
		CE03C147262E513400C73D4A /* Sources */ = {
			isa = PBXSourcesBuildPhase;
			buildActionMask = 2147483647;
			files = (
				CE03C150262E513400C73D4A /* TemporizadorUITests.swift in Sources */,
			);
			runOnlyForDeploymentPostprocessing = 0;
		};
/* End PBXSourcesBuildPhase section */

/* Begin PBXTargetDependency section */
		CE03C142262E513400C73D4A /* PBXTargetDependency */ = {
			isa = PBXTargetDependency;
			target = CE03C126262E513300C73D4A /* Temporizador */;
			targetProxy = CE03C141262E513400C73D4A /* PBXContainerItemProxy */;
		};
		CE03C14D262E513400C73D4A /* PBXTargetDependency */ = {
			isa = PBXTargetDependency;
			target = CE03C126262E513300C73D4A /* Temporizador */;
			targetProxy = CE03C14C262E513400C73D4A /* PBXContainerItemProxy */;
		};
/* End PBXTargetDependency section */

/* Begin PBXVariantGroup section */
		CE03C130262E513300C73D4A /* Main.storyboard */ = {
			isa = PBXVariantGroup;
			children = (
				CE03C131262E513300C73D4A /* Base */,
			);
			name = Main.storyboard;
			sourceTree = "<group>";
		};
		CE03C138262E513400C73D4A /* LaunchScreen.storyboard */ = {
			isa = PBXVariantGroup;
			children = (
				CE03C139262E513400C73D4A /* Base */,
			);
			name = LaunchScreen.storyboard;
			sourceTree = "<group>";
		};
/* End PBXVariantGroup section */

/* Begin XCBuildConfiguration section */
		CE03C152262E513400C73D4A /* Debug */ = {
			isa = XCBuildConfiguration;
			buildSettings = {
				ALWAYS_SEARCH_USER_PATHS = NO;
				CLANG_ANALYZER_NONNULL = YES;
				CLANG_ANALYZER_NUMBER_OBJECT_CONVERSION = YES_AGGRESSIVE;
				CLANG_CXX_LANGUAGE_STANDARD = "gnu++14";
				CLANG_CXX_LIBRARY = "libc++";
				CLANG_ENABLE_MODULES = YES;
				CLANG_ENABLE_OBJC_ARC = YES;
				CLANG_ENABLE_OBJC_WEAK = YES;
				CLANG_WARN_BLOCK_CAPTURE_AUTORELEASING = YES;
				CLANG_WARN_BOOL_CONVERSION = YES;
				CLANG_WARN_COMMA = YES;
				CLANG_WARN_CONSTANT_CONVERSION = YES;
				CLANG_WARN_DEPRECATED_OBJC_IMPLEMENTATIONS = YES;
				CLANG_WARN_DIRECT_OBJC_ISA_USAGE = YES_ERROR;
				CLANG_WARN_DOCUMENTATION_COMMENTS = YES;
				CLANG_WARN_EMPTY_BODY = YES;
				CLANG_WARN_ENUM_CONVERSION = YES;
				CLANG_WARN_INFINITE_RECURSION = YES;
				CLANG_WARN_INT_CONVERSION = YES;
				CLANG_WARN_NON_LITERAL_NULL_CONVERSION = YES;
				CLANG_WARN_OBJC_IMPLICIT_RETAIN_SELF = YES;
				CLANG_WARN_OBJC_LITERAL_CONVERSION = YES;
				CLANG_WARN_OBJC_ROOT_CLASS = YES_ERROR;
				CLANG_WARN_QUOTED_INCLUDE_IN_FRAMEWORK_HEADER = YES;
				CLANG_WARN_RANGE_LOOP_ANALYSIS = YES;
				CLANG_WARN_STRICT_PROTOTYPES = YES;
				CLANG_WARN_SUSPICIOUS_MOVE = YES;
				CLANG_WARN_UNGUARDED_AVAILABILITY = YES_AGGRESSIVE;
				CLANG_WARN_UNREACHABLE_CODE = YES;
				CLANG_WARN__DUPLICATE_METHOD_MATCH = YES;
				COPY_PHASE_STRIP = NO;
				DEBUG_INFORMATION_FORMAT = dwarf;
				ENABLE_STRICT_OBJC_MSGSEND = YES;
				ENABLE_TESTABILITY = YES;
				GCC_C_LANGUAGE_STANDARD = gnu11;
				GCC_DYNAMIC_NO_PIC = NO;
				GCC_NO_COMMON_BLOCKS = YES;
				GCC_OPTIMIZATION_LEVEL = 0;
				GCC_PREPROCESSOR_DEFINITIONS = (
					"DEBUG=1",
					"$(inherited)",
				);
				GCC_WARN_64_TO_32_BIT_CONVERSION = YES;
				GCC_WARN_ABOUT_RETURN_TYPE = YES_ERROR;
				GCC_WARN_UNDECLARED_SELECTOR = YES;
				GCC_WARN_UNINITIALIZED_AUTOS = YES_AGGRESSIVE;
				GCC_WARN_UNUSED_FUNCTION = YES;
				GCC_WARN_UNUSED_VARIABLE = YES;
				IPHONEOS_DEPLOYMENT_TARGET = 14.4;
				MTL_ENABLE_DEBUG_INFO = INCLUDE_SOURCE;
				MTL_FAST_MATH = YES;
				ONLY_ACTIVE_ARCH = YES;
				SDKROOT = iphoneos;
				SWIFT_ACTIVE_COMPILATION_CONDITIONS = DEBUG;
				SWIFT_OPTIMIZATION_LEVEL = "-Onone";
			};
			name = Debug;
		};
		CE03C153262E513400C73D4A /* Release */ = {
			isa = XCBuildConfiguration;
			buildSettings = {
				ALWAYS_SEARCH_USER_PATHS = NO;
				CLANG_ANALYZER_NONNULL = YES;
				CLANG_ANALYZER_NUMBER_OBJECT_CONVERSION = YES_AGGRESSIVE;
				CLANG_CXX_LANGUAGE_STANDARD = "gnu++14";
				CLANG_CXX_LIBRARY = "libc++";
				CLANG_ENABLE_MODULES = YES;
				CLANG_ENABLE_OBJC_ARC = YES;
				CLANG_ENABLE_OBJC_WEAK = YES;
				CLANG_WARN_BLOCK_CAPTURE_AUTORELEASING = YES;
				CLANG_WARN_BOOL_CONVERSION = YES;
				CLANG_WARN_COMMA = YES;
				CLANG_WARN_CONSTANT_CONVERSION = YES;
				CLANG_WARN_DEPRECATED_OBJC_IMPLEMENTATIONS = YES;
				CLANG_WARN_DIRECT_OBJC_ISA_USAGE = YES_ERROR;
				CLANG_WARN_DOCUMENTATION_COMMENTS = YES;
				CLANG_WARN_EMPTY_BODY = YES;
				CLANG_WARN_ENUM_CONVERSION = YES;
				CLANG_WARN_INFINITE_RECURSION = YES;
				CLANG_WARN_INT_CONVERSION = YES;
				CLANG_WARN_NON_LITERAL_NULL_CONVERSION = YES;
				CLANG_WARN_OBJC_IMPLICIT_RETAIN_SELF = YES;
				CLANG_WARN_OBJC_LITERAL_CONVERSION = YES;
				CLANG_WARN_OBJC_ROOT_CLASS = YES_ERROR;
				CLANG_WARN_QUOTED_INCLUDE_IN_FRAMEWORK_HEADER = YES;
				CLANG_WARN_RANGE_LOOP_ANALYSIS = YES;
				CLANG_WARN_STRICT_PROTOTYPES = YES;
				CLANG_WARN_SUSPICIOUS_MOVE = YES;
				CLANG_WARN_UNGUARDED_AVAILABILITY = YES_AGGRESSIVE;
				CLANG_WARN_UNREACHABLE_CODE = YES;
				CLANG_WARN__DUPLICATE_METHOD_MATCH = YES;
				COPY_PHASE_STRIP = NO;
				DEBUG_INFORMATION_FORMAT = "dwarf-with-dsym";
				ENABLE_NS_ASSERTIONS = NO;
				ENABLE_STRICT_OBJC_MSGSEND = YES;
				GCC_C_LANGUAGE_STANDARD = gnu11;
				GCC_NO_COMMON_BLOCKS = YES;
				GCC_WARN_64_TO_32_BIT_CONVERSION = YES;
				GCC_WARN_ABOUT_RETURN_TYPE = YES_ERROR;
				GCC_WARN_UNDECLARED_SELECTOR = YES;
				GCC_WARN_UNINITIALIZED_AUTOS = YES_AGGRESSIVE;
				GCC_WARN_UNUSED_FUNCTION = YES;
				GCC_WARN_UNUSED_VARIABLE = YES;
				IPHONEOS_DEPLOYMENT_TARGET = 14.4;
				MTL_ENABLE_DEBUG_INFO = NO;
				MTL_FAST_MATH = YES;
				SDKROOT = iphoneos;
				SWIFT_COMPILATION_MODE = wholemodule;
				SWIFT_OPTIMIZATION_LEVEL = "-O";
				VALIDATE_PRODUCT = YES;
			};
			name = Release;
		};
		CE03C155262E513400C73D4A /* Debug */ = {
			isa = XCBuildConfiguration;
			buildSettings = {
				ASSETCATALOG_COMPILER_APPICON_NAME = AppIcon;
				ASSETCATALOG_COMPILER_GLOBAL_ACCENT_COLOR_NAME = AccentColor;
				CODE_SIGN_STYLE = Automatic;
				INFOPLIST_FILE = Temporizador/Info.plist;
				LD_RUNPATH_SEARCH_PATHS = (
					"$(inherited)",
					"@executable_path/Frameworks",
				);
				PRODUCT_BUNDLE_IDENTIFIER = com.chris.Temporizador;
				PRODUCT_NAME = "$(TARGET_NAME)";
				SWIFT_VERSION = 5.0;
				TARGETED_DEVICE_FAMILY = "1,2";
			};
			name = Debug;
		};
		CE03C156262E513400C73D4A /* Release */ = {
			isa = XCBuildConfiguration;
			buildSettings = {
				ASSETCATALOG_COMPILER_APPICON_NAME = AppIcon;
				ASSETCATALOG_COMPILER_GLOBAL_ACCENT_COLOR_NAME = AccentColor;
				CODE_SIGN_STYLE = Automatic;
				INFOPLIST_FILE = Temporizador/Info.plist;
				LD_RUNPATH_SEARCH_PATHS = (
					"$(inherited)",
					"@executable_path/Frameworks",
				);
				PRODUCT_BUNDLE_IDENTIFIER = com.chris.Temporizador;
				PRODUCT_NAME = "$(TARGET_NAME)";
				SWIFT_VERSION = 5.0;
				TARGETED_DEVICE_FAMILY = "1,2";
			};
			name = Release;
		};
		CE03C158262E513400C73D4A /* Debug */ = {
			isa = XCBuildConfiguration;
			buildSettings = {
				ALWAYS_EMBED_SWIFT_STANDARD_LIBRARIES = YES;
				BUNDLE_LOADER = "$(TEST_HOST)";
				CODE_SIGN_STYLE = Automatic;
				INFOPLIST_FILE = TemporizadorTests/Info.plist;
				IPHONEOS_DEPLOYMENT_TARGET = 14.4;
				LD_RUNPATH_SEARCH_PATHS = (
					"$(inherited)",
					"@executable_path/Frameworks",
					"@loader_path/Frameworks",
				);
				PRODUCT_BUNDLE_IDENTIFIER = com.chris.TemporizadorTests;
				PRODUCT_NAME = "$(TARGET_NAME)";
				SWIFT_VERSION = 5.0;
				TARGETED_DEVICE_FAMILY = "1,2";
				TEST_HOST = "$(BUILT_PRODUCTS_DIR)/Temporizador.app/Temporizador";
			};
			name = Debug;
		};
		CE03C159262E513400C73D4A /* Release */ = {
			isa = XCBuildConfiguration;
			buildSettings = {
				ALWAYS_EMBED_SWIFT_STANDARD_LIBRARIES = YES;
				BUNDLE_LOADER = "$(TEST_HOST)";
				CODE_SIGN_STYLE = Automatic;
				INFOPLIST_FILE = TemporizadorTests/Info.plist;
				IPHONEOS_DEPLOYMENT_TARGET = 14.4;
				LD_RUNPATH_SEARCH_PATHS = (
					"$(inherited)",
					"@executable_path/Frameworks",
					"@loader_path/Frameworks",
				);
				PRODUCT_BUNDLE_IDENTIFIER = com.chris.TemporizadorTests;
				PRODUCT_NAME = "$(TARGET_NAME)";
				SWIFT_VERSION = 5.0;
				TARGETED_DEVICE_FAMILY = "1,2";
				TEST_HOST = "$(BUILT_PRODUCTS_DIR)/Temporizador.app/Temporizador";
			};
			name = Release;
		};
		CE03C15B262E513400C73D4A /* Debug */ = {
			isa = XCBuildConfiguration;
			buildSettings = {
				ALWAYS_EMBED_SWIFT_STANDARD_LIBRARIES = YES;
				CODE_SIGN_STYLE = Automatic;
				INFOPLIST_FILE = TemporizadorUITests/Info.plist;
				LD_RUNPATH_SEARCH_PATHS = (
					"$(inherited)",
					"@executable_path/Frameworks",
					"@loader_path/Frameworks",
				);
				PRODUCT_BUNDLE_IDENTIFIER = com.chris.TemporizadorUITests;
				PRODUCT_NAME = "$(TARGET_NAME)";
				SWIFT_VERSION = 5.0;
				TARGETED_DEVICE_FAMILY = "1,2";
				TEST_TARGET_NAME = Temporizador;
			};
			name = Debug;
		};
		CE03C15C262E513400C73D4A /* Release */ = {
			isa = XCBuildConfiguration;
			buildSettings = {
				ALWAYS_EMBED_SWIFT_STANDARD_LIBRARIES = YES;
				CODE_SIGN_STYLE = Automatic;
				INFOPLIST_FILE = TemporizadorUITests/Info.plist;
				LD_RUNPATH_SEARCH_PATHS = (
					"$(inherited)",
					"@executable_path/Frameworks",
					"@loader_path/Frameworks",
				);
				PRODUCT_BUNDLE_IDENTIFIER = com.chris.TemporizadorUITests;
				PRODUCT_NAME = "$(TARGET_NAME)";
				SWIFT_VERSION = 5.0;
				TARGETED_DEVICE_FAMILY = "1,2";
				TEST_TARGET_NAME = Temporizador;
			};
			name = Release;
		};
/* End XCBuildConfiguration section */

/* Begin XCConfigurationList section */
		CE03C122262E513300C73D4A /* Build configuration list for PBXProject "Temporizador" */ = {
			isa = XCConfigurationList;
			buildConfigurations = (
				CE03C152262E513400C73D4A /* Debug */,
				CE03C153262E513400C73D4A /* Release */,
			);
			defaultConfigurationIsVisible = 0;
			defaultConfigurationName = Release;
		};
		CE03C154262E513400C73D4A /* Build configuration list for PBXNativeTarget "Temporizador" */ = {
			isa = XCConfigurationList;
			buildConfigurations = (
				CE03C155262E513400C73D4A /* Debug */,
				CE03C156262E513400C73D4A /* Release */,
			);
			defaultConfigurationIsVisible = 0;
			defaultConfigurationName = Release;
		};
		CE03C157262E513400C73D4A /* Build configuration list for PBXNativeTarget "TemporizadorTests" */ = {
			isa = XCConfigurationList;
			buildConfigurations = (
				CE03C158262E513400C73D4A /* Debug */,
				CE03C159262E513400C73D4A /* Release */,
			);
			defaultConfigurationIsVisible = 0;
			defaultConfigurationName = Release;
		};
		CE03C15A262E513400C73D4A /* Build configuration list for PBXNativeTarget "TemporizadorUITests" */ = {
			isa = XCConfigurationList;
			buildConfigurations = (
				CE03C15B262E513400C73D4A /* Debug */,
				CE03C15C262E513400C73D4A /* Release */,
			);
			defaultConfigurationIsVisible = 0;
			defaultConfigurationName = Release;
		};
/* End XCConfigurationList section */

/* Begin XCVersionGroup section */
		CE03C133262E513300C73D4A /* Temporizador.xcdatamodeld */ = {
			isa = XCVersionGroup;
			children = (
				CE03C134262E513300C73D4A /* Temporizador.xcdatamodel */,
			);
			currentVersion = CE03C134262E513300C73D4A /* Temporizador.xcdatamodel */;
			path = Temporizador.xcdatamodeld;
			sourceTree = "<group>";
			versionGroupType = wrapper.xcdatamodel;
		};
/* End XCVersionGroup section */
	};
	rootObject = CE03C11F262E513300C73D4A /* Project object */;
}
